
Microsoft Visual Studio Solution File, Format Version 12.00
# Visual Studio Version 17
VisualStudioVersion = 17.3.32819.101
MinimumVisualStudioVersion = 10.0.40219.1
Project("{FAE04EC0-301F-11D3-BF4B-00C04F79EFBC}") = "tugasModulInheritance", "tugasModulInheritance\tugasModulInheritance.csproj", "{03C4F1F5-AC56-444E-898D-053BC7F8D538}"
EndProject
Global
	GlobalSection(SolutionConfigurationPlatforms) = preSolution
		Debug|Any CPU = Debug|Any CPU
		Release|Any CPU = Release|Any CPU
	EndGlobalSection
	GlobalSection(ProjectConfigurationPlatforms) = postSolution
		{03C4F1F5-AC56-444E-898D-053BC7F8D538}.Debug|Any CPU.ActiveCfg = Debug|Any CPU
		{03C4F1F5-AC56-444E-898D-053BC7F8D538}.Debug|Any CPU.Build.0 = Debug|Any CPU
		{03C4F1F5-AC56-444E-898D-053BC7F8D538}.Release|Any CPU.ActiveCfg = Release|Any CPU
		{03C4F1F5-AC56-444E-898D-053BC7F8D538}.Release|Any CPU.Build.0 = Release|Any CPU
	EndGlobalSection
	GlobalSection(SolutionProperties) = preSolution
		HideSolutionNode = FALSE
	EndGlobalSection
	GlobalSection(ExtensibilityGlobals) = postSolution
		SolutionGuid = {0FDDCB86-A82D-4E17-8A67-57A84570EA46}
	EndGlobalSection
EndGlobal
